{
  "pins" : [
    {
      "identity" : "relyingpartykit",
      "kind" : "remoteSourceControl",
      "location" : "https://github.com/craigaps/relyingpartykit",
      "state" : {
        "branch" : "main",
        "revision" : "6fde3db5f14420aae2c58a07958ef4cb494b277a"
      }
    }
  ],
  "version" : 2
}
